
Microsoft Visual Studio Solution File, Format Version 12.00
# Visual Studio Version 16
VisualStudioVersion = 16.0.29806.167
MinimumVisualStudioVersion = 10.0.40219.1
Project("{2150E333-8FDC-42A3-9474-1A3956D46DE8}") = "src", "src", "{18895F8B-DB9C-44E1-9FC4-CC9731CF4FC5}"
EndProject
Project("{FAE04EC0-301F-11D3-BF4B-00C04F79EFBC}") = "Users.Domain", "src\Users.Domain\Users.Domain.csproj", "{75D0B6D5-1313-43F8-A91D-FB44293C702A}"
EndProject
Project("{FAE04EC0-301F-11D3-BF4B-00C04F79EFBC}") = "Users.Infra", "src\Users.Infra\Users.Infra.csproj", "{53B43BB1-2128-4E95-8DBE-8652814A5E70}"
EndProject
Project("{FAE04EC0-301F-11D3-BF4B-00C04F79EFBC}") = "Users.Application", "src\Users.Application\Users.Application.csproj", "{E3FA2FD8-7EE8-4AB3-BDBD-C62FA9D91F0A}"
EndProject
Project("{FAE04EC0-301F-11D3-BF4B-00C04F79EFBC}") = "Users.API", "src\Users.API\Users.API.csproj", "{68545039-62BB-4C40-9B17-83C509E78670}"
EndProject
Project("{FAE04EC0-301F-11D3-BF4B-00C04F79EFBC}") = "Users.CrossCutting", "src\Users.CrossCutting\Users.CrossCutting.csproj", "{678BF905-BAB1-472F-A851-F8927E199021}"
EndProject
Global
	GlobalSection(SolutionConfigurationPlatforms) = preSolution
		Debug|Any CPU = Debug|Any CPU
		Release|Any CPU = Release|Any CPU
	EndGlobalSection
	GlobalSection(ProjectConfigurationPlatforms) = postSolution
		{75D0B6D5-1313-43F8-A91D-FB44293C702A}.Debug|Any CPU.ActiveCfg = Debug|Any CPU
		{75D0B6D5-1313-43F8-A91D-FB44293C702A}.Debug|Any CPU.Build.0 = Debug|Any CPU
		{75D0B6D5-1313-43F8-A91D-FB44293C702A}.Release|Any CPU.ActiveCfg = Release|Any CPU
		{75D0B6D5-1313-43F8-A91D-FB44293C702A}.Release|Any CPU.Build.0 = Release|Any CPU
		{53B43BB1-2128-4E95-8DBE-8652814A5E70}.Debug|Any CPU.ActiveCfg = Debug|Any CPU
		{53B43BB1-2128-4E95-8DBE-8652814A5E70}.Debug|Any CPU.Build.0 = Debug|Any CPU
		{53B43BB1-2128-4E95-8DBE-8652814A5E70}.Release|Any CPU.ActiveCfg = Release|Any CPU
		{53B43BB1-2128-4E95-8DBE-8652814A5E70}.Release|Any CPU.Build.0 = Release|Any CPU
		{E3FA2FD8-7EE8-4AB3-BDBD-C62FA9D91F0A}.Debug|Any CPU.ActiveCfg = Debug|Any CPU
		{E3FA2FD8-7EE8-4AB3-BDBD-C62FA9D91F0A}.Debug|Any CPU.Build.0 = Debug|Any CPU
		{E3FA2FD8-7EE8-4AB3-BDBD-C62FA9D91F0A}.Release|Any CPU.ActiveCfg = Release|Any CPU
		{E3FA2FD8-7EE8-4AB3-BDBD-C62FA9D91F0A}.Release|Any CPU.Build.0 = Release|Any CPU
		{68545039-62BB-4C40-9B17-83C509E78670}.Debug|Any CPU.ActiveCfg = Debug|Any CPU
		{68545039-62BB-4C40-9B17-83C509E78670}.Debug|Any CPU.Build.0 = Debug|Any CPU
		{68545039-62BB-4C40-9B17-83C509E78670}.Release|Any CPU.ActiveCfg = Release|Any CPU
		{68545039-62BB-4C40-9B17-83C509E78670}.Release|Any CPU.Build.0 = Release|Any CPU
		{678BF905-BAB1-472F-A851-F8927E199021}.Debug|Any CPU.ActiveCfg = Debug|Any CPU
		{678BF905-BAB1-472F-A851-F8927E199021}.Debug|Any CPU.Build.0 = Debug|Any CPU
		{678BF905-BAB1-472F-A851-F8927E199021}.Release|Any CPU.ActiveCfg = Release|Any CPU
		{678BF905-BAB1-472F-A851-F8927E199021}.Release|Any CPU.Build.0 = Release|Any CPU
	EndGlobalSection
	GlobalSection(SolutionProperties) = preSolution
		HideSolutionNode = FALSE
	EndGlobalSection
	GlobalSection(ExtensibilityGlobals) = postSolution
		SolutionGuid = {90A5A74B-F6F5-4B1F-9279-8DA1CD1F46F8}
	EndGlobalSection
	GlobalSection(NestedProjects) = preSolution
		{75D0B6D5-1313-43F8-A91D-FB44293C702A} = {18895F8B-DB9C-44E1-9FC4-CC9731CF4FC5}
		{53B43BB1-2128-4E95-8DBE-8652814A5E70} = {18895F8B-DB9C-44E1-9FC4-CC9731CF4FC5}
		{E3FA2FD8-7EE8-4AB3-BDBD-C62FA9D91F0A} = {18895F8B-DB9C-44E1-9FC4-CC9731CF4FC5}
		{68545039-62BB-4C40-9B17-83C509E78670} = {18895F8B-DB9C-44E1-9FC4-CC9731CF4FC5}
		{678BF905-BAB1-472F-A851-F8927E199021} = {18895F8B-DB9C-44E1-9FC4-CC9731CF4FC5}
	EndGlobalSection
EndGlobal
